
Microsoft Visual Studio Solution File, Format Version 12.00
# Visual Studio 2013
VisualStudioVersion = 12.0.30723.0
MinimumVisualStudioVersion = 10.0.40219.1
Project("{FAE04EC0-301F-11D3-BF4B-00C04F79EFBC}") = "Moniverse.Service", "Moniverse.Service\Moniverse.Service.csproj", "{1AEE2A31-A280-472B-BCD3-D7084B477206}"
EndProject
Project("{2150E333-8FDC-42A3-9474-1A3956D46DE8}") = ".nuget", ".nuget", "{C61DEFE7-6773-444D-BFD2-F504A2CB8C2F}"
	ProjectSection(SolutionItems) = preProject
		.nuget\NuGet.Config = .nuget\NuGet.Config
		.nuget\NuGet.exe = .nuget\NuGet.exe
		.nuget\NuGet.targets = .nuget\NuGet.targets
	EndProjectSection
EndProject
Project("{FAE04EC0-301F-11D3-BF4B-00C04F79EFBC}") = "Moniverse.Reader", "Moniverse.Reader\Moniverse.Reader.csproj", "{4B5EB020-16DB-41D4-B034-B9D945213F9A}"
EndProject
Project("{FAE04EC0-301F-11D3-BF4B-00C04F79EFBC}") = "Moniverse.Writer", "Moniverse.Writer\Moniverse.Writer.csproj", "{A8889268-546C-4027-8E46-B8468B93A504}"
EndProject
Project("{FAE04EC0-301F-11D3-BF4B-00C04F79EFBC}") = "Moniverse.Contract", "Moniverse.Contract\Moniverse.Contract.csproj", "{87F79F18-3B74-4E85-A38E-A1E7D92AD733}"
EndProject
Project("{FAE04EC0-301F-11D3-BF4B-00C04F79EFBC}") = "Moniverse.Test", "Moniverse.Test\Moniverse.Test.csproj", "{59F8D060-1451-49C4-B137-CFA5170A5393}"
EndProject
Project("{FAE04EC0-301F-11D3-BF4B-00C04F79EFBC}") = "Moniverse.Console", "Moniverse.Console\Moniverse.Console.csproj", "{4B438AAA-B968-4A89-91B0-9391E0C22AA4}"
EndProject
Project("{FAE04EC0-301F-11D3-BF4B-00C04F79EFBC}") = "Moniverse.Frontend", "Moniverse.Frontend\Moniverse.Frontend.csproj", "{F758454C-2168-4DDE-80A2-CC050C9DFDF9}"
EndProject
Project("{FAE04EC0-301F-11D3-BF4B-00C04F79EFBC}") = "Utilities", "Utilities\Utilities.csproj", "{41CEBF60-BD69-4C23-B764-C847D1486D4C}"
EndProject
Project("{FAE04EC0-301F-11D3-BF4B-00C04F79EFBC}") = "DBManager", "DBManager\DBManager.csproj", "{521C2C47-7453-49A9-BDE2-C48AC0337F16}"
EndProject
Project("{2150E333-8FDC-42A3-9474-1A3956D46DE8}") = "Playverse", "Playverse", "{9F69434F-DAEE-44D8-9834-28BCAEBD40B4}"
EndProject
Project("{FAE04EC0-301F-11D3-BF4B-00C04F79EFBC}") = "PlayVerse.Core", "..\Playverse\PlayVerseCore\PlayVerse.Core.csproj", "{C1A1A4EB-68F1-435A-BA9E-1D328C217D07}"
EndProject
Project("{FAE04EC0-301F-11D3-BF4B-00C04F79EFBC}") = "PlayVerse.Client", "..\Playverse\PlayVerseClient\PlayVerse.Client.csproj", "{815F3FBA-6B15-4A1C-BE1B-743A5DE177B8}"
EndProject
Project("{FAE04EC0-301F-11D3-BF4B-00C04F79EFBC}") = "PlayVerse.Client.Service", "..\Playverse\PlayVerse.Client.Service\PlayVerse.Client.Service.csproj", "{236395B0-6260-4B8A-936F-721A8AF14607}"
EndProject
Global
	GlobalSection(SolutionConfigurationPlatforms) = preSolution
		Local Debug|Any CPU = Local Debug|Any CPU
		Local Debug|x64 = Local Debug|x64
		LocalNoDebug|Any CPU = LocalNoDebug|Any CPU
		LocalNoDebug|x64 = LocalNoDebug|x64
		Release|Any CPU = Release|Any CPU
		Release|x64 = Release|x64
		Staging Debug|Any CPU = Staging Debug|Any CPU
		Staging Debug|x64 = Staging Debug|x64
		STAGING|Any CPU = STAGING|Any CPU
		STAGING|x64 = STAGING|x64
	EndGlobalSection
	GlobalSection(ProjectConfigurationPlatforms) = postSolution
		{1AEE2A31-A280-472B-BCD3-D7084B477206}.Local Debug|Any CPU.ActiveCfg = Debug|Any CPU
		{1AEE2A31-A280-472B-BCD3-D7084B477206}.Local Debug|Any CPU.Build.0 = Debug|Any CPU
		{1AEE2A31-A280-472B-BCD3-D7084B477206}.Local Debug|x64.ActiveCfg = Debug|x64
		{1AEE2A31-A280-472B-BCD3-D7084B477206}.Local Debug|x64.Build.0 = Debug|x64
		{1AEE2A31-A280-472B-BCD3-D7084B477206}.LocalNoDebug|Any CPU.ActiveCfg = Debug|Any CPU
		{1AEE2A31-A280-472B-BCD3-D7084B477206}.LocalNoDebug|Any CPU.Build.0 = Debug|Any CPU
		{1AEE2A31-A280-472B-BCD3-D7084B477206}.LocalNoDebug|x64.ActiveCfg = Debug|Any CPU
		{1AEE2A31-A280-472B-BCD3-D7084B477206}.LocalNoDebug|x64.Build.0 = Debug|Any CPU
		{1AEE2A31-A280-472B-BCD3-D7084B477206}.Release|Any CPU.ActiveCfg = Release|Any CPU
		{1AEE2A31-A280-472B-BCD3-D7084B477206}.Release|Any CPU.Build.0 = Release|Any CPU
		{1AEE2A31-A280-472B-BCD3-D7084B477206}.Release|x64.ActiveCfg = Release|Any CPU
		{1AEE2A31-A280-472B-BCD3-D7084B477206}.Release|x64.Build.0 = Release|Any CPU
		{1AEE2A31-A280-472B-BCD3-D7084B477206}.Staging Debug|Any CPU.ActiveCfg = STAGING|Any CPU
		{1AEE2A31-A280-472B-BCD3-D7084B477206}.Staging Debug|Any CPU.Build.0 = STAGING|Any CPU
		{1AEE2A31-A280-472B-BCD3-D7084B477206}.Staging Debug|x64.ActiveCfg = STAGING|Any CPU
		{1AEE2A31-A280-472B-BCD3-D7084B477206}.Staging Debug|x64.Build.0 = STAGING|Any CPU
		{1AEE2A31-A280-472B-BCD3-D7084B477206}.STAGING|Any CPU.ActiveCfg = STAGING|Any CPU
		{1AEE2A31-A280-472B-BCD3-D7084B477206}.STAGING|Any CPU.Build.0 = STAGING|Any CPU
		{1AEE2A31-A280-472B-BCD3-D7084B477206}.STAGING|x64.ActiveCfg = STAGING|Any CPU
		{1AEE2A31-A280-472B-BCD3-D7084B477206}.STAGING|x64.Build.0 = STAGING|Any CPU
		{4B5EB020-16DB-41D4-B034-B9D945213F9A}.Local Debug|Any CPU.ActiveCfg = Debug|Any CPU
		{4B5EB020-16DB-41D4-B034-B9D945213F9A}.Local Debug|Any CPU.Build.0 = Debug|Any CPU
		{4B5EB020-16DB-41D4-B034-B9D945213F9A}.Local Debug|x64.ActiveCfg = Debug|x64
		{4B5EB020-16DB-41D4-B034-B9D945213F9A}.Local Debug|x64.Build.0 = Debug|x64
		{4B5EB020-16DB-41D4-B034-B9D945213F9A}.LocalNoDebug|Any CPU.ActiveCfg = Debug|Any CPU
		{4B5EB020-16DB-41D4-B034-B9D945213F9A}.LocalNoDebug|Any CPU.Build.0 = Debug|Any CPU
		{4B5EB020-16DB-41D4-B034-B9D945213F9A}.LocalNoDebug|x64.ActiveCfg = Debug|Any CPU
		{4B5EB020-16DB-41D4-B034-B9D945213F9A}.LocalNoDebug|x64.Build.0 = Debug|Any CPU
		{4B5EB020-16DB-41D4-B034-B9D945213F9A}.Release|Any CPU.ActiveCfg = Release|Any CPU
		{4B5EB020-16DB-41D4-B034-B9D945213F9A}.Release|Any CPU.Build.0 = Release|Any CPU
		{4B5EB020-16DB-41D4-B034-B9D945213F9A}.Release|x64.ActiveCfg = Release|Any CPU
		{4B5EB020-16DB-41D4-B034-B9D945213F9A}.Release|x64.Build.0 = Release|Any CPU
		{4B5EB020-16DB-41D4-B034-B9D945213F9A}.Staging Debug|Any CPU.ActiveCfg = STAGING|Any CPU
		{4B5EB020-16DB-41D4-B034-B9D945213F9A}.Staging Debug|Any CPU.Build.0 = STAGING|Any CPU
		{4B5EB020-16DB-41D4-B034-B9D945213F9A}.Staging Debug|x64.ActiveCfg = STAGING|Any CPU
		{4B5EB020-16DB-41D4-B034-B9D945213F9A}.Staging Debug|x64.Build.0 = STAGING|Any CPU
		{4B5EB020-16DB-41D4-B034-B9D945213F9A}.STAGING|Any CPU.ActiveCfg = STAGING|Any CPU
		{4B5EB020-16DB-41D4-B034-B9D945213F9A}.STAGING|Any CPU.Build.0 = STAGING|Any CPU
		{4B5EB020-16DB-41D4-B034-B9D945213F9A}.STAGING|x64.ActiveCfg = STAGING|Any CPU
		{4B5EB020-16DB-41D4-B034-B9D945213F9A}.STAGING|x64.Build.0 = STAGING|Any CPU
		{A8889268-546C-4027-8E46-B8468B93A504}.Local Debug|Any CPU.ActiveCfg = Debug|Any CPU
		{A8889268-546C-4027-8E46-B8468B93A504}.Local Debug|Any CPU.Build.0 = Debug|Any CPU
		{A8889268-546C-4027-8E46-B8468B93A504}.Local Debug|x64.ActiveCfg = Debug|x64
		{A8889268-546C-4027-8E46-B8468B93A504}.Local Debug|x64.Build.0 = Debug|x64
		{A8889268-546C-4027-8E46-B8468B93A504}.LocalNoDebug|Any CPU.ActiveCfg = Debug|Any CPU
		{A8889268-546C-4027-8E46-B8468B93A504}.LocalNoDebug|Any CPU.Build.0 = Debug|Any CPU
		{A8889268-546C-4027-8E46-B8468B93A504}.LocalNoDebug|x64.ActiveCfg = Debug|Any CPU
		{A8889268-546C-4027-8E46-B8468B93A504}.LocalNoDebug|x64.Build.0 = Debug|Any CPU
		{A8889268-546C-4027-8E46-B8468B93A504}.Release|Any CPU.ActiveCfg = Release|Any CPU
		{A8889268-546C-4027-8E46-B8468B93A504}.Release|Any CPU.Build.0 = Release|Any CPU
		{A8889268-546C-4027-8E46-B8468B93A504}.Release|x64.ActiveCfg = Release|Any CPU
		{A8889268-546C-4027-8E46-B8468B93A504}.Release|x64.Build.0 = Release|Any CPU
		{A8889268-546C-4027-8E46-B8468B93A504}.Staging Debug|Any CPU.ActiveCfg = STAGING|Any CPU
		{A8889268-546C-4027-8E46-B8468B93A504}.Staging Debug|Any CPU.Build.0 = STAGING|Any CPU
		{A8889268-546C-4027-8E46-B8468B93A504}.Staging Debug|x64.ActiveCfg = STAGING|Any CPU
		{A8889268-546C-4027-8E46-B8468B93A504}.Staging Debug|x64.Build.0 = STAGING|Any CPU
		{A8889268-546C-4027-8E46-B8468B93A504}.STAGING|Any CPU.ActiveCfg = STAGING|Any CPU
		{A8889268-546C-4027-8E46-B8468B93A504}.STAGING|Any CPU.Build.0 = STAGING|Any CPU
		{A8889268-546C-4027-8E46-B8468B93A504}.STAGING|x64.ActiveCfg = STAGING|Any CPU
		{A8889268-546C-4027-8E46-B8468B93A504}.STAGING|x64.Build.0 = STAGING|Any CPU
		{87F79F18-3B74-4E85-A38E-A1E7D92AD733}.Local Debug|Any CPU.ActiveCfg = Debug|Any CPU
		{87F79F18-3B74-4E85-A38E-A1E7D92AD733}.Local Debug|Any CPU.Build.0 = Debug|Any CPU
		{87F79F18-3B74-4E85-A38E-A1E7D92AD733}.Local Debug|x64.ActiveCfg = Debug|x64
		{87F79F18-3B74-4E85-A38E-A1E7D92AD733}.Local Debug|x64.Build.0 = Debug|x64
		{87F79F18-3B74-4E85-A38E-A1E7D92AD733}.LocalNoDebug|Any CPU.ActiveCfg = Debug|Any CPU
		{87F79F18-3B74-4E85-A38E-A1E7D92AD733}.LocalNoDebug|Any CPU.Build.0 = Debug|Any CPU
		{87F79F18-3B74-4E85-A38E-A1E7D92AD733}.LocalNoDebug|x64.ActiveCfg = Debug|Any CPU
		{87F79F18-3B74-4E85-A38E-A1E7D92AD733}.LocalNoDebug|x64.Build.0 = Debug|Any CPU
		{87F79F18-3B74-4E85-A38E-A1E7D92AD733}.Release|Any CPU.ActiveCfg = Release|Any CPU
		{87F79F18-3B74-4E85-A38E-A1E7D92AD733}.Release|Any CPU.Build.0 = Release|Any CPU
		{87F79F18-3B74-4E85-A38E-A1E7D92AD733}.Release|x64.ActiveCfg = Release|Any CPU
		{87F79F18-3B74-4E85-A38E-A1E7D92AD733}.Release|x64.Build.0 = Release|Any CPU
		{87F79F18-3B74-4E85-A38E-A1E7D92AD733}.Staging Debug|Any CPU.ActiveCfg = STAGING|Any CPU
		{87F79F18-3B74-4E85-A38E-A1E7D92AD733}.Staging Debug|Any CPU.Build.0 = STAGING|Any CPU
		{87F79F18-3B74-4E85-A38E-A1E7D92AD733}.Staging Debug|x64.ActiveCfg = STAGING|Any CPU
		{87F79F18-3B74-4E85-A38E-A1E7D92AD733}.Staging Debug|x64.Build.0 = STAGING|Any CPU
		{87F79F18-3B74-4E85-A38E-A1E7D92AD733}.STAGING|Any CPU.ActiveCfg = STAGING|Any CPU
		{87F79F18-3B74-4E85-A38E-A1E7D92AD733}.STAGING|Any CPU.Build.0 = STAGING|Any CPU
		{87F79F18-3B74-4E85-A38E-A1E7D92AD733}.STAGING|x64.ActiveCfg = STAGING|Any CPU
		{87F79F18-3B74-4E85-A38E-A1E7D92AD733}.STAGING|x64.Build.0 = STAGING|Any CPU
		{59F8D060-1451-49C4-B137-CFA5170A5393}.Local Debug|Any CPU.ActiveCfg = Debug|Any CPU
		{59F8D060-1451-49C4-B137-CFA5170A5393}.Local Debug|Any CPU.Build.0 = Debug|Any CPU
		{59F8D060-1451-49C4-B137-CFA5170A5393}.Local Debug|x64.ActiveCfg = Debug|x64
		{59F8D060-1451-49C4-B137-CFA5170A5393}.Local Debug|x64.Build.0 = Debug|x64
		{59F8D060-1451-49C4-B137-CFA5170A5393}.LocalNoDebug|Any CPU.ActiveCfg = Debug|Any CPU
		{59F8D060-1451-49C4-B137-CFA5170A5393}.LocalNoDebug|Any CPU.Build.0 = Debug|Any CPU
		{59F8D060-1451-49C4-B137-CFA5170A5393}.LocalNoDebug|x64.ActiveCfg = Debug|Any CPU
		{59F8D060-1451-49C4-B137-CFA5170A5393}.LocalNoDebug|x64.Build.0 = Debug|Any CPU
		{59F8D060-1451-49C4-B137-CFA5170A5393}.Release|Any CPU.ActiveCfg = Release|Any CPU
		{59F8D060-1451-49C4-B137-CFA5170A5393}.Release|Any CPU.Build.0 = Release|Any CPU
		{59F8D060-1451-49C4-B137-CFA5170A5393}.Release|x64.ActiveCfg = Release|Any CPU
		{59F8D060-1451-49C4-B137-CFA5170A5393}.Release|x64.Build.0 = Release|Any CPU
		{59F8D060-1451-49C4-B137-CFA5170A5393}.Staging Debug|Any CPU.ActiveCfg = STAGING|Any CPU
		{59F8D060-1451-49C4-B137-CFA5170A5393}.Staging Debug|Any CPU.Build.0 = STAGING|Any CPU
		{59F8D060-1451-49C4-B137-CFA5170A5393}.Staging Debug|x64.ActiveCfg = STAGING|Any CPU
		{59F8D060-1451-49C4-B137-CFA5170A5393}.Staging Debug|x64.Build.0 = STAGING|Any CPU
		{59F8D060-1451-49C4-B137-CFA5170A5393}.STAGING|Any CPU.ActiveCfg = STAGING|Any CPU
		{59F8D060-1451-49C4-B137-CFA5170A5393}.STAGING|Any CPU.Build.0 = STAGING|Any CPU
		{59F8D060-1451-49C4-B137-CFA5170A5393}.STAGING|x64.ActiveCfg = STAGING|Any CPU
		{59F8D060-1451-49C4-B137-CFA5170A5393}.STAGING|x64.Build.0 = STAGING|Any CPU
		{4B438AAA-B968-4A89-91B0-9391E0C22AA4}.Local Debug|Any CPU.ActiveCfg = Debug|Any CPU
		{4B438AAA-B968-4A89-91B0-9391E0C22AA4}.Local Debug|Any CPU.Build.0 = Debug|Any CPU
		{4B438AAA-B968-4A89-91B0-9391E0C22AA4}.Local Debug|x64.ActiveCfg = Debug|x64
		{4B438AAA-B968-4A89-91B0-9391E0C22AA4}.Local Debug|x64.Build.0 = Debug|x64
		{4B438AAA-B968-4A89-91B0-9391E0C22AA4}.LocalNoDebug|Any CPU.ActiveCfg = Debug|Any CPU
		{4B438AAA-B968-4A89-91B0-9391E0C22AA4}.LocalNoDebug|Any CPU.Build.0 = Debug|Any CPU
		{4B438AAA-B968-4A89-91B0-9391E0C22AA4}.LocalNoDebug|x64.ActiveCfg = Debug|Any CPU
		{4B438AAA-B968-4A89-91B0-9391E0C22AA4}.LocalNoDebug|x64.Build.0 = Debug|Any CPU
		{4B438AAA-B968-4A89-91B0-9391E0C22AA4}.Release|Any CPU.ActiveCfg = Release|Any CPU
		{4B438AAA-B968-4A89-91B0-9391E0C22AA4}.Release|Any CPU.Build.0 = Release|Any CPU
		{4B438AAA-B968-4A89-91B0-9391E0C22AA4}.Release|x64.ActiveCfg = Release|Any CPU
		{4B438AAA-B968-4A89-91B0-9391E0C22AA4}.Release|x64.Build.0 = Release|Any CPU
		{4B438AAA-B968-4A89-91B0-9391E0C22AA4}.Staging Debug|Any CPU.ActiveCfg = STAGING|Any CPU
		{4B438AAA-B968-4A89-91B0-9391E0C22AA4}.Staging Debug|Any CPU.Build.0 = STAGING|Any CPU
		{4B438AAA-B968-4A89-91B0-9391E0C22AA4}.Staging Debug|x64.ActiveCfg = STAGING|Any CPU
		{4B438AAA-B968-4A89-91B0-9391E0C22AA4}.Staging Debug|x64.Build.0 = STAGING|Any CPU
		{4B438AAA-B968-4A89-91B0-9391E0C22AA4}.STAGING|Any CPU.ActiveCfg = STAGING|Any CPU
		{4B438AAA-B968-4A89-91B0-9391E0C22AA4}.STAGING|Any CPU.Build.0 = STAGING|Any CPU
		{4B438AAA-B968-4A89-91B0-9391E0C22AA4}.STAGING|x64.ActiveCfg = STAGING|Any CPU
		{4B438AAA-B968-4A89-91B0-9391E0C22AA4}.STAGING|x64.Build.0 = STAGING|Any CPU
		{F758454C-2168-4DDE-80A2-CC050C9DFDF9}.Local Debug|Any CPU.ActiveCfg = LocalNoDebug|Any CPU
		{F758454C-2168-4DDE-80A2-CC050C9DFDF9}.Local Debug|Any CPU.Build.0 = LocalNoDebug|Any CPU
		{F758454C-2168-4DDE-80A2-CC050C9DFDF9}.Local Debug|x64.ActiveCfg = LocalNoDebug|Any CPU
		{F758454C-2168-4DDE-80A2-CC050C9DFDF9}.Local Debug|x64.Build.0 = LocalNoDebug|Any CPU
		{F758454C-2168-4DDE-80A2-CC050C9DFDF9}.LocalNoDebug|Any CPU.ActiveCfg = LocalNoDebug|Any CPU
		{F758454C-2168-4DDE-80A2-CC050C9DFDF9}.LocalNoDebug|Any CPU.Build.0 = LocalNoDebug|Any CPU
		{F758454C-2168-4DDE-80A2-CC050C9DFDF9}.LocalNoDebug|x64.ActiveCfg = LocalNoDebug|Any CPU
		{F758454C-2168-4DDE-80A2-CC050C9DFDF9}.LocalNoDebug|x64.Build.0 = LocalNoDebug|Any CPU
		{F758454C-2168-4DDE-80A2-CC050C9DFDF9}.Release|Any CPU.ActiveCfg = Release|Any CPU
		{F758454C-2168-4DDE-80A2-CC050C9DFDF9}.Release|Any CPU.Build.0 = Release|Any CPU
		{F758454C-2168-4DDE-80A2-CC050C9DFDF9}.Release|x64.ActiveCfg = Release|Any CPU
		{F758454C-2168-4DDE-80A2-CC050C9DFDF9}.Release|x64.Build.0 = Release|Any CPU
		{F758454C-2168-4DDE-80A2-CC050C9DFDF9}.Staging Debug|Any CPU.ActiveCfg = STAGING|Any CPU
		{F758454C-2168-4DDE-80A2-CC050C9DFDF9}.Staging Debug|Any CPU.Build.0 = STAGING|Any CPU
		{F758454C-2168-4DDE-80A2-CC050C9DFDF9}.Staging Debug|x64.ActiveCfg = STAGING|Any CPU
		{F758454C-2168-4DDE-80A2-CC050C9DFDF9}.Staging Debug|x64.Build.0 = STAGING|Any CPU
		{F758454C-2168-4DDE-80A2-CC050C9DFDF9}.STAGING|Any CPU.ActiveCfg = STAGING|Any CPU
		{F758454C-2168-4DDE-80A2-CC050C9DFDF9}.STAGING|Any CPU.Build.0 = STAGING|Any CPU
		{F758454C-2168-4DDE-80A2-CC050C9DFDF9}.STAGING|x64.ActiveCfg = STAGING|Any CPU
		{F758454C-2168-4DDE-80A2-CC050C9DFDF9}.STAGING|x64.Build.0 = STAGING|Any CPU
		{41CEBF60-BD69-4C23-B764-C847D1486D4C}.Local Debug|Any CPU.ActiveCfg = Debug|Any CPU
		{41CEBF60-BD69-4C23-B764-C847D1486D4C}.Local Debug|Any CPU.Build.0 = Debug|Any CPU
		{41CEBF60-BD69-4C23-B764-C847D1486D4C}.Local Debug|x64.ActiveCfg = Debug|x64
		{41CEBF60-BD69-4C23-B764-C847D1486D4C}.Local Debug|x64.Build.0 = Debug|x64
		{41CEBF60-BD69-4C23-B764-C847D1486D4C}.LocalNoDebug|Any CPU.ActiveCfg = Debug|Any CPU
		{41CEBF60-BD69-4C23-B764-C847D1486D4C}.LocalNoDebug|Any CPU.Build.0 = Debug|Any CPU
		{41CEBF60-BD69-4C23-B764-C847D1486D4C}.LocalNoDebug|x64.ActiveCfg = Debug|Any CPU
		{41CEBF60-BD69-4C23-B764-C847D1486D4C}.LocalNoDebug|x64.Build.0 = Debug|Any CPU
		{41CEBF60-BD69-4C23-B764-C847D1486D4C}.Release|Any CPU.ActiveCfg = Release|Any CPU
		{41CEBF60-BD69-4C23-B764-C847D1486D4C}.Release|Any CPU.Build.0 = Release|Any CPU
		{41CEBF60-BD69-4C23-B764-C847D1486D4C}.Release|x64.ActiveCfg = Release|Any CPU
		{41CEBF60-BD69-4C23-B764-C847D1486D4C}.Release|x64.Build.0 = Release|Any CPU
		{41CEBF60-BD69-4C23-B764-C847D1486D4C}.Staging Debug|Any CPU.ActiveCfg = STAGING|Any CPU
		{41CEBF60-BD69-4C23-B764-C847D1486D4C}.Staging Debug|Any CPU.Build.0 = STAGING|Any CPU
		{41CEBF60-BD69-4C23-B764-C847D1486D4C}.Staging Debug|x64.ActiveCfg = STAGING|Any CPU
		{41CEBF60-BD69-4C23-B764-C847D1486D4C}.Staging Debug|x64.Build.0 = STAGING|Any CPU
		{41CEBF60-BD69-4C23-B764-C847D1486D4C}.STAGING|Any CPU.ActiveCfg = STAGING|Any CPU
		{41CEBF60-BD69-4C23-B764-C847D1486D4C}.STAGING|Any CPU.Build.0 = STAGING|Any CPU
		{41CEBF60-BD69-4C23-B764-C847D1486D4C}.STAGING|x64.ActiveCfg = STAGING|Any CPU
		{41CEBF60-BD69-4C23-B764-C847D1486D4C}.STAGING|x64.Build.0 = STAGING|Any CPU
		{521C2C47-7453-49A9-BDE2-C48AC0337F16}.Local Debug|Any CPU.ActiveCfg = Debug|Any CPU
		{521C2C47-7453-49A9-BDE2-C48AC0337F16}.Local Debug|Any CPU.Build.0 = Debug|Any CPU
		{521C2C47-7453-49A9-BDE2-C48AC0337F16}.Local Debug|x64.ActiveCfg = Debug|x64
		{521C2C47-7453-49A9-BDE2-C48AC0337F16}.Local Debug|x64.Build.0 = Debug|x64
		{521C2C47-7453-49A9-BDE2-C48AC0337F16}.LocalNoDebug|Any CPU.ActiveCfg = LocalNoDebug|Any CPU
		{521C2C47-7453-49A9-BDE2-C48AC0337F16}.LocalNoDebug|Any CPU.Build.0 = LocalNoDebug|Any CPU
		{521C2C47-7453-49A9-BDE2-C48AC0337F16}.LocalNoDebug|x64.ActiveCfg = LocalNoDebug|Any CPU
		{521C2C47-7453-49A9-BDE2-C48AC0337F16}.LocalNoDebug|x64.Build.0 = LocalNoDebug|Any CPU
		{521C2C47-7453-49A9-BDE2-C48AC0337F16}.Release|Any CPU.ActiveCfg = Release|Any CPU
		{521C2C47-7453-49A9-BDE2-C48AC0337F16}.Release|Any CPU.Build.0 = Release|Any CPU
		{521C2C47-7453-49A9-BDE2-C48AC0337F16}.Release|x64.ActiveCfg = Release|Any CPU
		{521C2C47-7453-49A9-BDE2-C48AC0337F16}.Release|x64.Build.0 = Release|Any CPU
		{521C2C47-7453-49A9-BDE2-C48AC0337F16}.Staging Debug|Any CPU.ActiveCfg = STAGING|Any CPU
		{521C2C47-7453-49A9-BDE2-C48AC0337F16}.Staging Debug|Any CPU.Build.0 = STAGING|Any CPU
		{521C2C47-7453-49A9-BDE2-C48AC0337F16}.Staging Debug|x64.ActiveCfg = STAGING|Any CPU
		{521C2C47-7453-49A9-BDE2-C48AC0337F16}.Staging Debug|x64.Build.0 = STAGING|Any CPU
		{521C2C47-7453-49A9-BDE2-C48AC0337F16}.STAGING|Any CPU.ActiveCfg = STAGING|Any CPU
		{521C2C47-7453-49A9-BDE2-C48AC0337F16}.STAGING|Any CPU.Build.0 = STAGING|Any CPU
		{521C2C47-7453-49A9-BDE2-C48AC0337F16}.STAGING|x64.ActiveCfg = STAGING|Any CPU
		{521C2C47-7453-49A9-BDE2-C48AC0337F16}.STAGING|x64.Build.0 = STAGING|Any CPU
		{C1A1A4EB-68F1-435A-BA9E-1D328C217D07}.Local Debug|Any CPU.ActiveCfg = Local Debug|x64
		{C1A1A4EB-68F1-435A-BA9E-1D328C217D07}.Local Debug|Any CPU.Build.0 = Local Debug|x64
		{C1A1A4EB-68F1-435A-BA9E-1D328C217D07}.Local Debug|x64.ActiveCfg = Local Debug|x64
		{C1A1A4EB-68F1-435A-BA9E-1D328C217D07}.Local Debug|x64.Build.0 = Local Debug|x64
		{C1A1A4EB-68F1-435A-BA9E-1D328C217D07}.LocalNoDebug|Any CPU.ActiveCfg = Local Debug|x64
		{C1A1A4EB-68F1-435A-BA9E-1D328C217D07}.LocalNoDebug|Any CPU.Build.0 = Local Debug|x64
		{C1A1A4EB-68F1-435A-BA9E-1D328C217D07}.LocalNoDebug|x64.ActiveCfg = Local Debug|x64
		{C1A1A4EB-68F1-435A-BA9E-1D328C217D07}.LocalNoDebug|x64.Build.0 = Local Debug|x64
		{C1A1A4EB-68F1-435A-BA9E-1D328C217D07}.Release|Any CPU.ActiveCfg = Production|x64
		{C1A1A4EB-68F1-435A-BA9E-1D328C217D07}.Release|Any CPU.Build.0 = Production|x64
		{C1A1A4EB-68F1-435A-BA9E-1D328C217D07}.Release|x64.ActiveCfg = Production|x64
		{C1A1A4EB-68F1-435A-BA9E-1D328C217D07}.Release|x64.Build.0 = Production|x64
		{C1A1A4EB-68F1-435A-BA9E-1D328C217D07}.Staging Debug|Any CPU.ActiveCfg = Staging Debug|x64
		{C1A1A4EB-68F1-435A-BA9E-1D328C217D07}.Staging Debug|Any CPU.Build.0 = Staging Debug|x64
		{C1A1A4EB-68F1-435A-BA9E-1D328C217D07}.Staging Debug|x64.ActiveCfg = Staging Debug|x64
		{C1A1A4EB-68F1-435A-BA9E-1D328C217D07}.Staging Debug|x64.Build.0 = Staging Debug|x64
		{C1A1A4EB-68F1-435A-BA9E-1D328C217D07}.STAGING|Any CPU.ActiveCfg = Staging|x64
		{C1A1A4EB-68F1-435A-BA9E-1D328C217D07}.STAGING|Any CPU.Build.0 = Staging|x64
		{C1A1A4EB-68F1-435A-BA9E-1D328C217D07}.STAGING|x64.ActiveCfg = Staging|x64
		{C1A1A4EB-68F1-435A-BA9E-1D328C217D07}.STAGING|x64.Build.0 = Staging|x64
		{815F3FBA-6B15-4A1C-BE1B-743A5DE177B8}.Local Debug|Any CPU.ActiveCfg = Local Debug|x64
		{815F3FBA-6B15-4A1C-BE1B-743A5DE177B8}.Local Debug|Any CPU.Build.0 = Local Debug|x64
		{815F3FBA-6B15-4A1C-BE1B-743A5DE177B8}.Local Debug|x64.ActiveCfg = Local Debug|x64
		{815F3FBA-6B15-4A1C-BE1B-743A5DE177B8}.Local Debug|x64.Build.0 = Local Debug|x64
		{815F3FBA-6B15-4A1C-BE1B-743A5DE177B8}.LocalNoDebug|Any CPU.ActiveCfg = Local Debug|x64
		{815F3FBA-6B15-4A1C-BE1B-743A5DE177B8}.LocalNoDebug|Any CPU.Build.0 = Local Debug|x64
		{815F3FBA-6B15-4A1C-BE1B-743A5DE177B8}.LocalNoDebug|x64.ActiveCfg = Local Debug|x64
		{815F3FBA-6B15-4A1C-BE1B-743A5DE177B8}.LocalNoDebug|x64.Build.0 = Local Debug|x64
		{815F3FBA-6B15-4A1C-BE1B-743A5DE177B8}.Release|Any CPU.ActiveCfg = Production|x64
		{815F3FBA-6B15-4A1C-BE1B-743A5DE177B8}.Release|Any CPU.Build.0 = Production|x64
		{815F3FBA-6B15-4A1C-BE1B-743A5DE177B8}.Release|x64.ActiveCfg = Production|x64
		{815F3FBA-6B15-4A1C-BE1B-743A5DE177B8}.Release|x64.Build.0 = Production|x64
		{815F3FBA-6B15-4A1C-BE1B-743A5DE177B8}.Staging Debug|Any CPU.ActiveCfg = Staging Debug|x64
		{815F3FBA-6B15-4A1C-BE1B-743A5DE177B8}.Staging Debug|Any CPU.Build.0 = Staging Debug|x64
		{815F3FBA-6B15-4A1C-BE1B-743A5DE177B8}.Staging Debug|x64.ActiveCfg = Staging Debug|x64
		{815F3FBA-6B15-4A1C-BE1B-743A5DE177B8}.Staging Debug|x64.Build.0 = Staging Debug|x64
		{815F3FBA-6B15-4A1C-BE1B-743A5DE177B8}.STAGING|Any CPU.ActiveCfg = Staging|x64
		{815F3FBA-6B15-4A1C-BE1B-743A5DE177B8}.STAGING|Any CPU.Build.0 = Staging|x64
		{815F3FBA-6B15-4A1C-BE1B-743A5DE177B8}.STAGING|x64.ActiveCfg = Staging|x64
		{815F3FBA-6B15-4A1C-BE1B-743A5DE177B8}.STAGING|x64.Build.0 = Staging|x64
		{236395B0-6260-4B8A-936F-721A8AF14607}.Local Debug|Any CPU.ActiveCfg = Local Debug|x64
		{236395B0-6260-4B8A-936F-721A8AF14607}.Local Debug|Any CPU.Build.0 = Local Debug|x64
		{236395B0-6260-4B8A-936F-721A8AF14607}.Local Debug|x64.ActiveCfg = Local Debug|x64
		{236395B0-6260-4B8A-936F-721A8AF14607}.Local Debug|x64.Build.0 = Local Debug|x64
		{236395B0-6260-4B8A-936F-721A8AF14607}.LocalNoDebug|Any CPU.ActiveCfg = Local Debug|x64
		{236395B0-6260-4B8A-936F-721A8AF14607}.LocalNoDebug|Any CPU.Build.0 = Local Debug|x64
		{236395B0-6260-4B8A-936F-721A8AF14607}.LocalNoDebug|x64.ActiveCfg = Local Debug|x64
		{236395B0-6260-4B8A-936F-721A8AF14607}.LocalNoDebug|x64.Build.0 = Local Debug|x64
		{236395B0-6260-4B8A-936F-721A8AF14607}.Release|Any CPU.ActiveCfg = Production|x64
		{236395B0-6260-4B8A-936F-721A8AF14607}.Release|Any CPU.Build.0 = Production|x64
		{236395B0-6260-4B8A-936F-721A8AF14607}.Release|x64.ActiveCfg = Production|x64
		{236395B0-6260-4B8A-936F-721A8AF14607}.Release|x64.Build.0 = Production|x64
		{236395B0-6260-4B8A-936F-721A8AF14607}.Staging Debug|Any CPU.ActiveCfg = Staging|x64
		{236395B0-6260-4B8A-936F-721A8AF14607}.Staging Debug|Any CPU.Build.0 = Staging|x64
		{236395B0-6260-4B8A-936F-721A8AF14607}.Staging Debug|x64.ActiveCfg = Staging|x64
		{236395B0-6260-4B8A-936F-721A8AF14607}.Staging Debug|x64.Build.0 = Staging|x64
		{236395B0-6260-4B8A-936F-721A8AF14607}.STAGING|Any CPU.ActiveCfg = Staging|x64
		{236395B0-6260-4B8A-936F-721A8AF14607}.STAGING|Any CPU.Build.0 = Staging|x64
		{236395B0-6260-4B8A-936F-721A8AF14607}.STAGING|x64.ActiveCfg = Staging|x64
		{236395B0-6260-4B8A-936F-721A8AF14607}.STAGING|x64.Build.0 = Staging|x64
	EndGlobalSection
	GlobalSection(SolutionProperties) = preSolution
		HideSolutionNode = FALSE
	EndGlobalSection
	GlobalSection(NestedProjects) = preSolution
		{C1A1A4EB-68F1-435A-BA9E-1D328C217D07} = {9F69434F-DAEE-44D8-9834-28BCAEBD40B4}
		{815F3FBA-6B15-4A1C-BE1B-743A5DE177B8} = {9F69434F-DAEE-44D8-9834-28BCAEBD40B4}
		{236395B0-6260-4B8A-936F-721A8AF14607} = {9F69434F-DAEE-44D8-9834-28BCAEBD40B4}
	EndGlobalSection
	GlobalSection(ExtensibilityGlobals) = postSolution
		VisualSVNWorkingCopyRoot = ..
	EndGlobalSection
EndGlobal
